{
  "name": "rube-tools",
  "version": "0.0.4",
  "lockfileVersion": 1,
  "requires": true,
  "dependencies": {
    "colorful": {
      "version": "2.1.0",
      "resolved": "https://registry.npmjs.org/colorful/-/colorful-2.1.0.tgz",
      "integrity": "sha1-aovcvC2kKlDbO0iC+iUmOqofLY4="
    },
    "commander": {
      "version": "2.15.1",
      "resolved": "https://registry.npmjs.org/commander/-/commander-2.15.1.tgz",
      "integrity": "sha512-VlfT9F3V0v+jr4yxPc5gg9s62/fIVWsd2Bk2iD435um1NlGMYdVCq+MjcXnhYq2icNOizHr1kK+5TI6H0Hy0ag=="
    }
  }
}
